
Microsoft Visual Studio Solution File, Format Version 12.00
# Visual Studio Version 16
VisualStudioVersion = 16.0.30523.141
MinimumVisualStudioVersion = 10.0.40219.1
Project("{FAE04EC0-301F-11D3-BF4B-00C04F79EFBC}") = "SERVER", "..\SERVER\SERVER.csproj", "{721625CA-A014-4DE5-92A2-3DE1390FA102}"
EndProject
Project("{FAE04EC0-301F-11D3-BF4B-00C04F79EFBC}") = "CLIENT", "..\CLIENT\CLIENT.csproj", "{FCCDCC22-3DFA-48C4-8F8D-3074AF0675F1}"
EndProject
Global
	GlobalSection(SolutionConfigurationPlatforms) = preSolution
		Debug|Any CPU = Debug|Any CPU
		Release|Any CPU = Release|Any CPU
	EndGlobalSection
	GlobalSection(ProjectConfigurationPlatforms) = postSolution
		{721625CA-A014-4DE5-92A2-3DE1390FA102}.Debug|Any CPU.ActiveCfg = Debug|Any CPU
		{721625CA-A014-4DE5-92A2-3DE1390FA102}.Debug|Any CPU.Build.0 = Debug|Any CPU
		{721625CA-A014-4DE5-92A2-3DE1390FA102}.Release|Any CPU.ActiveCfg = Release|Any CPU
		{721625CA-A014-4DE5-92A2-3DE1390FA102}.Release|Any CPU.Build.0 = Release|Any CPU
		{FCCDCC22-3DFA-48C4-8F8D-3074AF0675F1}.Debug|Any CPU.ActiveCfg = Debug|Any CPU
		{FCCDCC22-3DFA-48C4-8F8D-3074AF0675F1}.Debug|Any CPU.Build.0 = Debug|Any CPU
		{FCCDCC22-3DFA-48C4-8F8D-3074AF0675F1}.Release|Any CPU.ActiveCfg = Release|Any CPU
		{FCCDCC22-3DFA-48C4-8F8D-3074AF0675F1}.Release|Any CPU.Build.0 = Release|Any CPU
	EndGlobalSection
	GlobalSection(SolutionProperties) = preSolution
		HideSolutionNode = FALSE
	EndGlobalSection
	GlobalSection(ExtensibilityGlobals) = postSolution
		SolutionGuid = {F56CE13C-D405-4689-934A-998684324BFE}
	EndGlobalSection
EndGlobal
